
Microsoft Visual Studio Solution File, Format Version 12.00
# Visual Studio 14
VisualStudioVersion = 14.0.25420.1
MinimumVisualStudioVersion = 10.0.40219.1
Project("{FAE04EC0-301F-11D3-BF4B-00C04F79EFBC}") = "MoneyKepper2", "MoneyKepper2\MoneyKepper2.csproj", "{6200C997-1EA5-41C5-8E96-06D0B42A5CB4}"
EndProject
Project("{FAE04EC0-301F-11D3-BF4B-00C04F79EFBC}") = "MoneyKepper_Core", "MoneyKepper_Core\MoneyKepper_Core.csproj", "{7D2FCAB5-724D-4BB8-9E9B-2C2E202C3B8F}"
EndProject
Project("{FAE04EC0-301F-11D3-BF4B-00C04F79EFBC}") = "MoneyKepperServer", "MoneyKepperServer\MoneyKepperServer.csproj", "{27383289-1C63-40B6-9B47-A2C58C587773}"
EndProject
Project("{FAE04EC0-301F-11D3-BF4B-00C04F79EFBC}") = "Logic", "BL\Logic.csproj", "{81C3D57F-32F7-447D-81BD-F97D1E968056}"
EndProject
Project("{FAE04EC0-301F-11D3-BF4B-00C04F79EFBC}") = "Models", "Models\Models.csproj", "{4051EB5B-3229-4FA0-A5F6-F1BD0C896CD0}"
EndProject
Project("{FAE04EC0-301F-11D3-BF4B-00C04F79EFBC}") = "UnitTest", "UnitTest\UnitTest.csproj", "{86C996BC-C296-416A-9A60-F0A53100187D}"
EndProject
Global
	GlobalSection(SolutionConfigurationPlatforms) = preSolution
		Debug|Any CPU = Debug|Any CPU
		Debug|ARM = Debug|ARM
		Debug|x64 = Debug|x64
		Debug|x86 = Debug|x86
		Release|Any CPU = Release|Any CPU
		Release|ARM = Release|ARM
		Release|x64 = Release|x64
		Release|x86 = Release|x86
	EndGlobalSection
	GlobalSection(ProjectConfigurationPlatforms) = postSolution
		{6200C997-1EA5-41C5-8E96-06D0B42A5CB4}.Debug|Any CPU.ActiveCfg = Debug|x86
		{6200C997-1EA5-41C5-8E96-06D0B42A5CB4}.Debug|Any CPU.Build.0 = Debug|x86
		{6200C997-1EA5-41C5-8E96-06D0B42A5CB4}.Debug|Any CPU.Deploy.0 = Debug|x86
		{6200C997-1EA5-41C5-8E96-06D0B42A5CB4}.Debug|ARM.ActiveCfg = Debug|ARM
		{6200C997-1EA5-41C5-8E96-06D0B42A5CB4}.Debug|ARM.Build.0 = Debug|ARM
		{6200C997-1EA5-41C5-8E96-06D0B42A5CB4}.Debug|ARM.Deploy.0 = Debug|ARM
		{6200C997-1EA5-41C5-8E96-06D0B42A5CB4}.Debug|x64.ActiveCfg = Debug|x64
		{6200C997-1EA5-41C5-8E96-06D0B42A5CB4}.Debug|x64.Build.0 = Debug|x64
		{6200C997-1EA5-41C5-8E96-06D0B42A5CB4}.Debug|x64.Deploy.0 = Debug|x64
		{6200C997-1EA5-41C5-8E96-06D0B42A5CB4}.Debug|x86.ActiveCfg = Debug|x86
		{6200C997-1EA5-41C5-8E96-06D0B42A5CB4}.Debug|x86.Build.0 = Debug|x86
		{6200C997-1EA5-41C5-8E96-06D0B42A5CB4}.Debug|x86.Deploy.0 = Debug|x86
		{6200C997-1EA5-41C5-8E96-06D0B42A5CB4}.Release|Any CPU.ActiveCfg = Release|x86
		{6200C997-1EA5-41C5-8E96-06D0B42A5CB4}.Release|ARM.ActiveCfg = Release|ARM
		{6200C997-1EA5-41C5-8E96-06D0B42A5CB4}.Release|ARM.Build.0 = Release|ARM
		{6200C997-1EA5-41C5-8E96-06D0B42A5CB4}.Release|ARM.Deploy.0 = Release|ARM
		{6200C997-1EA5-41C5-8E96-06D0B42A5CB4}.Release|x64.ActiveCfg = Release|x64
		{6200C997-1EA5-41C5-8E96-06D0B42A5CB4}.Release|x64.Build.0 = Release|x64
		{6200C997-1EA5-41C5-8E96-06D0B42A5CB4}.Release|x64.Deploy.0 = Release|x64
		{6200C997-1EA5-41C5-8E96-06D0B42A5CB4}.Release|x86.ActiveCfg = Release|x86
		{6200C997-1EA5-41C5-8E96-06D0B42A5CB4}.Release|x86.Build.0 = Release|x86
		{6200C997-1EA5-41C5-8E96-06D0B42A5CB4}.Release|x86.Deploy.0 = Release|x86
		{7D2FCAB5-724D-4BB8-9E9B-2C2E202C3B8F}.Debug|Any CPU.ActiveCfg = Debug|Any CPU
		{7D2FCAB5-724D-4BB8-9E9B-2C2E202C3B8F}.Debug|Any CPU.Build.0 = Debug|Any CPU
		{7D2FCAB5-724D-4BB8-9E9B-2C2E202C3B8F}.Debug|Any CPU.Deploy.0 = Debug|Any CPU
		{7D2FCAB5-724D-4BB8-9E9B-2C2E202C3B8F}.Debug|ARM.ActiveCfg = Debug|ARM
		{7D2FCAB5-724D-4BB8-9E9B-2C2E202C3B8F}.Debug|ARM.Build.0 = Debug|ARM
		{7D2FCAB5-724D-4BB8-9E9B-2C2E202C3B8F}.Debug|x64.ActiveCfg = Debug|x64
		{7D2FCAB5-724D-4BB8-9E9B-2C2E202C3B8F}.Debug|x64.Build.0 = Debug|x64
		{7D2FCAB5-724D-4BB8-9E9B-2C2E202C3B8F}.Debug|x86.ActiveCfg = Debug|x86
		{7D2FCAB5-724D-4BB8-9E9B-2C2E202C3B8F}.Debug|x86.Build.0 = Debug|x86
		{7D2FCAB5-724D-4BB8-9E9B-2C2E202C3B8F}.Debug|x86.Deploy.0 = Debug|x86
		{7D2FCAB5-724D-4BB8-9E9B-2C2E202C3B8F}.Release|Any CPU.ActiveCfg = Release|Any CPU
		{7D2FCAB5-724D-4BB8-9E9B-2C2E202C3B8F}.Release|Any CPU.Build.0 = Release|Any CPU
		{7D2FCAB5-724D-4BB8-9E9B-2C2E202C3B8F}.Release|ARM.ActiveCfg = Release|ARM
		{7D2FCAB5-724D-4BB8-9E9B-2C2E202C3B8F}.Release|ARM.Build.0 = Release|ARM
		{7D2FCAB5-724D-4BB8-9E9B-2C2E202C3B8F}.Release|x64.ActiveCfg = Release|x64
		{7D2FCAB5-724D-4BB8-9E9B-2C2E202C3B8F}.Release|x64.Build.0 = Release|x64
		{7D2FCAB5-724D-4BB8-9E9B-2C2E202C3B8F}.Release|x86.ActiveCfg = Release|x86
		{7D2FCAB5-724D-4BB8-9E9B-2C2E202C3B8F}.Release|x86.Build.0 = Release|x86
		{27383289-1C63-40B6-9B47-A2C58C587773}.Debug|Any CPU.ActiveCfg = Debug|Any CPU
		{27383289-1C63-40B6-9B47-A2C58C587773}.Debug|Any CPU.Build.0 = Debug|Any CPU
		{27383289-1C63-40B6-9B47-A2C58C587773}.Debug|ARM.ActiveCfg = Debug|Any CPU
		{27383289-1C63-40B6-9B47-A2C58C587773}.Debug|ARM.Build.0 = Debug|Any CPU
		{27383289-1C63-40B6-9B47-A2C58C587773}.Debug|x64.ActiveCfg = Debug|Any CPU
		{27383289-1C63-40B6-9B47-A2C58C587773}.Debug|x64.Build.0 = Debug|Any CPU
		{27383289-1C63-40B6-9B47-A2C58C587773}.Debug|x86.ActiveCfg = Debug|Any CPU
		{27383289-1C63-40B6-9B47-A2C58C587773}.Debug|x86.Build.0 = Debug|Any CPU
		{27383289-1C63-40B6-9B47-A2C58C587773}.Release|Any CPU.ActiveCfg = Release|Any CPU
		{27383289-1C63-40B6-9B47-A2C58C587773}.Release|Any CPU.Build.0 = Release|Any CPU
		{27383289-1C63-40B6-9B47-A2C58C587773}.Release|ARM.ActiveCfg = Release|Any CPU
		{27383289-1C63-40B6-9B47-A2C58C587773}.Release|ARM.Build.0 = Release|Any CPU
		{27383289-1C63-40B6-9B47-A2C58C587773}.Release|x64.ActiveCfg = Release|Any CPU
		{27383289-1C63-40B6-9B47-A2C58C587773}.Release|x64.Build.0 = Release|Any CPU
		{27383289-1C63-40B6-9B47-A2C58C587773}.Release|x86.ActiveCfg = Release|Any CPU
		{27383289-1C63-40B6-9B47-A2C58C587773}.Release|x86.Build.0 = Release|Any CPU
		{81C3D57F-32F7-447D-81BD-F97D1E968056}.Debug|Any CPU.ActiveCfg = Debug|Any CPU
		{81C3D57F-32F7-447D-81BD-F97D1E968056}.Debug|Any CPU.Build.0 = Debug|Any CPU
		{81C3D57F-32F7-447D-81BD-F97D1E968056}.Debug|ARM.ActiveCfg = Debug|Any CPU
		{81C3D57F-32F7-447D-81BD-F97D1E968056}.Debug|ARM.Build.0 = Debug|Any CPU
		{81C3D57F-32F7-447D-81BD-F97D1E968056}.Debug|x64.ActiveCfg = Debug|Any CPU
		{81C3D57F-32F7-447D-81BD-F97D1E968056}.Debug|x64.Build.0 = Debug|Any CPU
		{81C3D57F-32F7-447D-81BD-F97D1E968056}.Debug|x86.ActiveCfg = Debug|Any CPU
		{81C3D57F-32F7-447D-81BD-F97D1E968056}.Debug|x86.Build.0 = Debug|Any CPU
		{81C3D57F-32F7-447D-81BD-F97D1E968056}.Release|Any CPU.ActiveCfg = Release|Any CPU
		{81C3D57F-32F7-447D-81BD-F97D1E968056}.Release|Any CPU.Build.0 = Release|Any CPU
		{81C3D57F-32F7-447D-81BD-F97D1E968056}.Release|ARM.ActiveCfg = Release|Any CPU
		{81C3D57F-32F7-447D-81BD-F97D1E968056}.Release|ARM.Build.0 = Release|Any CPU
		{81C3D57F-32F7-447D-81BD-F97D1E968056}.Release|x64.ActiveCfg = Release|Any CPU
		{81C3D57F-32F7-447D-81BD-F97D1E968056}.Release|x64.Build.0 = Release|Any CPU
		{81C3D57F-32F7-447D-81BD-F97D1E968056}.Release|x86.ActiveCfg = Release|Any CPU
		{81C3D57F-32F7-447D-81BD-F97D1E968056}.Release|x86.Build.0 = Release|Any CPU
		{4051EB5B-3229-4FA0-A5F6-F1BD0C896CD0}.Debug|Any CPU.ActiveCfg = Debug|Any CPU
		{4051EB5B-3229-4FA0-A5F6-F1BD0C896CD0}.Debug|Any CPU.Build.0 = Debug|Any CPU
		{4051EB5B-3229-4FA0-A5F6-F1BD0C896CD0}.Debug|ARM.ActiveCfg = Debug|Any CPU
		{4051EB5B-3229-4FA0-A5F6-F1BD0C896CD0}.Debug|ARM.Build.0 = Debug|Any CPU
		{4051EB5B-3229-4FA0-A5F6-F1BD0C896CD0}.Debug|x64.ActiveCfg = Debug|Any CPU
		{4051EB5B-3229-4FA0-A5F6-F1BD0C896CD0}.Debug|x64.Build.0 = Debug|Any CPU
		{4051EB5B-3229-4FA0-A5F6-F1BD0C896CD0}.Debug|x86.ActiveCfg = Debug|Any CPU
		{4051EB5B-3229-4FA0-A5F6-F1BD0C896CD0}.Debug|x86.Build.0 = Debug|Any CPU
		{4051EB5B-3229-4FA0-A5F6-F1BD0C896CD0}.Release|Any CPU.ActiveCfg = Release|Any CPU
		{4051EB5B-3229-4FA0-A5F6-F1BD0C896CD0}.Release|Any CPU.Build.0 = Release|Any CPU
		{4051EB5B-3229-4FA0-A5F6-F1BD0C896CD0}.Release|ARM.ActiveCfg = Release|Any CPU
		{4051EB5B-3229-4FA0-A5F6-F1BD0C896CD0}.Release|ARM.Build.0 = Release|Any CPU
		{4051EB5B-3229-4FA0-A5F6-F1BD0C896CD0}.Release|x64.ActiveCfg = Release|Any CPU
		{4051EB5B-3229-4FA0-A5F6-F1BD0C896CD0}.Release|x64.Build.0 = Release|Any CPU
		{4051EB5B-3229-4FA0-A5F6-F1BD0C896CD0}.Release|x86.ActiveCfg = Release|Any CPU
		{4051EB5B-3229-4FA0-A5F6-F1BD0C896CD0}.Release|x86.Build.0 = Release|Any CPU
		{86C996BC-C296-416A-9A60-F0A53100187D}.Debug|Any CPU.ActiveCfg = Debug|Any CPU
		{86C996BC-C296-416A-9A60-F0A53100187D}.Debug|Any CPU.Build.0 = Debug|Any CPU
		{86C996BC-C296-416A-9A60-F0A53100187D}.Debug|ARM.ActiveCfg = Debug|Any CPU
		{86C996BC-C296-416A-9A60-F0A53100187D}.Debug|ARM.Build.0 = Debug|Any CPU
		{86C996BC-C296-416A-9A60-F0A53100187D}.Debug|x64.ActiveCfg = Debug|Any CPU
		{86C996BC-C296-416A-9A60-F0A53100187D}.Debug|x64.Build.0 = Debug|Any CPU
		{86C996BC-C296-416A-9A60-F0A53100187D}.Debug|x86.ActiveCfg = Debug|Any CPU
		{86C996BC-C296-416A-9A60-F0A53100187D}.Debug|x86.Build.0 = Debug|Any CPU
		{86C996BC-C296-416A-9A60-F0A53100187D}.Release|Any CPU.ActiveCfg = Release|Any CPU
		{86C996BC-C296-416A-9A60-F0A53100187D}.Release|Any CPU.Build.0 = Release|Any CPU
		{86C996BC-C296-416A-9A60-F0A53100187D}.Release|ARM.ActiveCfg = Release|Any CPU
		{86C996BC-C296-416A-9A60-F0A53100187D}.Release|ARM.Build.0 = Release|Any CPU
		{86C996BC-C296-416A-9A60-F0A53100187D}.Release|x64.ActiveCfg = Release|Any CPU
		{86C996BC-C296-416A-9A60-F0A53100187D}.Release|x64.Build.0 = Release|Any CPU
		{86C996BC-C296-416A-9A60-F0A53100187D}.Release|x86.ActiveCfg = Release|Any CPU
		{86C996BC-C296-416A-9A60-F0A53100187D}.Release|x86.Build.0 = Release|Any CPU
	EndGlobalSection
	GlobalSection(SolutionProperties) = preSolution
		HideSolutionNode = FALSE
	EndGlobalSection
EndGlobal
